{
  "object": {
    "pins": [
      {
        "package": "CircuitBreaker",
        "repositoryURL": "https://github.com/IBM-Swift/CircuitBreaker.git",
        "state": {
          "branch": null,
          "revision": "81581e3fb094ab4879aa2c5ce54201f1dbce0a7f",
          "version": "5.0.1"
        }
      },
      {
        "package": "PMKFoundation",
        "repositoryURL": "https://github.com/PromiseKit/Foundation.git",
        "state": {
          "branch": null,
          "revision": "9e1d760fdc120f1be41ee2bc026b70ce78ea19bb",
          "version": "3.3.0"
        }
      },
      {
        "package": "LoggerAPI",
        "repositoryURL": "https://github.com/IBM-Swift/LoggerAPI.git",
        "state": {
          "branch": null,
          "revision": "5041f2673aa75d6e973d9b6bd3956bc5068387c8",
          "version": "1.7.3"
        }
      },
      {
        "package": "PromiseKit",
        "repositoryURL": "https://github.com/mxcl/PromiseKit.git",
        "state": {
          "branch": null,
          "revision": "66bcc386163121f14ee543aa20b682973cc98dd7",
          "version": "6.5.2"
        }
      },
      {
        "package": "SwiftyRequest",
        "repositoryURL": "https://github.com/IBM-Swift/SwiftyRequest.git",
        "state": {
          "branch": "master",
          "revision": "4f6584cefffa263bf19c9ff58d0dcbb937f7fb23",
          "version": null
        }
      },
      {
        "package": "XCGLogger",
        "repositoryURL": "https://github.com/DaveWoodCom/XCGLogger.git",
        "state": {
          "branch": null,
          "revision": "1439885a7c6ac43cdec1bf96b83a0cbdb489244d",
          "version": "6.1.0"
        }
      }
    ]
  },
  "version": 1
}
